
Microsoft Visual Studio Solution File, Format Version 12.00
# Visual Studio Version 16
VisualStudioVersion = 16.0.30128.74
MinimumVisualStudioVersion = 10.0.40219.1
Project("{FAE04EC0-301F-11D3-BF4B-00C04F79EFBC}") = "WebFerreteria", "WebFerreteria\WebFerreteria.csproj", "{CCB7ECB0-ED1B-4D34-91FA-B1AA45A08D4B}"
EndProject
Project("{FAE04EC0-301F-11D3-BF4B-00C04F79EFBC}") = "CapaDatos", "CapaDatos\CapaDatos.csproj", "{734606A7-9825-467E-9E47-0516372B5BB8}"
EndProject
Global
	GlobalSection(SolutionConfigurationPlatforms) = preSolution
		Debug|Any CPU = Debug|Any CPU
		Release|Any CPU = Release|Any CPU
	EndGlobalSection
	GlobalSection(ProjectConfigurationPlatforms) = postSolution
		{CCB7ECB0-ED1B-4D34-91FA-B1AA45A08D4B}.Debug|Any CPU.ActiveCfg = Debug|Any CPU
		{CCB7ECB0-ED1B-4D34-91FA-B1AA45A08D4B}.Debug|Any CPU.Build.0 = Debug|Any CPU
		{CCB7ECB0-ED1B-4D34-91FA-B1AA45A08D4B}.Release|Any CPU.ActiveCfg = Release|Any CPU
		{CCB7ECB0-ED1B-4D34-91FA-B1AA45A08D4B}.Release|Any CPU.Build.0 = Release|Any CPU
		{734606A7-9825-467E-9E47-0516372B5BB8}.Debug|Any CPU.ActiveCfg = Debug|Any CPU
		{734606A7-9825-467E-9E47-0516372B5BB8}.Debug|Any CPU.Build.0 = Debug|Any CPU
		{734606A7-9825-467E-9E47-0516372B5BB8}.Release|Any CPU.ActiveCfg = Release|Any CPU
		{734606A7-9825-467E-9E47-0516372B5BB8}.Release|Any CPU.Build.0 = Release|Any CPU
	EndGlobalSection
	GlobalSection(SolutionProperties) = preSolution
		HideSolutionNode = FALSE
	EndGlobalSection
	GlobalSection(ExtensibilityGlobals) = postSolution
		SolutionGuid = {C6E0D896-EE33-4DF2-8406-49D05575A30A}
	EndGlobalSection
EndGlobal
